{
  "object": {
    "pins": [
      {
        "package": "RepoA",
        "repositoryURL": "https://github.com/Sreekanth-Reddy-GB/RepoA.git",
        "state": {
          "branch": "main",
          "revision": "fc8f1bdca84cb36a8ebc06fb2e874b77300c2147",
          "version": null
        }
      }
    ]
  },
  "version": 1
}
